PODS:
  - FuguConference (0.0.1)

DEPENDENCIES:
  - FuguConference (from `Conference/ConferenceCall`)

EXTERNAL SOURCES:
  FuguConference:
    :path: Conference/ConferenceCall

SPEC CHECKSUMS:
  FuguConference: 83d5cee2f313d98e71dd6ea4302b68b173f872e1

PODFILE CHECKSUM: a8d054d50ddde40d1dbbbed566e524ee0088c264

COCOAPODS: 1.16.2
